{
  "name": "covid19-vaccination",
  "version": "1.0.0",
  "lockfileVersion": 1,
  "requires": true,
  "dependencies": {
    "@types/json2csv": {
      "version": "5.0.1",
      "resolved": "https://registry.npmjs.org/@types/json2csv/-/json2csv-5.0.1.tgz",
      "integrity": "sha512-1r5GCTyFtdQ53CRSIctzWZCmtDXvxtzM77SzOqPB4woMeGcc3rhUMzPqEQH3rokG1k/QLzlC5Qe5Ih8NuFN70Q==",
      "dev": true,
      "requires": {
        "@types/node": "*"
      }
    },
    "@types/luxon": {
      "version": "1.25.0",
      "resolved": "https://registry.npmjs.org/@types/luxon/-/luxon-1.25.0.tgz",
      "integrity": "sha512-iIJp2CP6C32gVqI08HIYnzqj55tlLnodIBMCcMf28q9ckqMfMzocCmIzd9JWI/ALLPMUiTkCu1JGv3FFtu6t3g==",
      "dev": true
    },
    "@types/node": {
      "version": "14.14.16",
      "resolved": "https://registry.npmjs.org/@types/node/-/node-14.14.16.tgz",
      "integrity": "sha512-naXYePhweTi+BMv11TgioE2/FXU4fSl29HAH1ffxVciNsH3rYXjNP2yM8wqmSm7jS20gM8TIklKiTen+1iVncw==",
      "dev": true
    },
    "commander": {
      "version": "6.2.1",
      "resolved": "https://registry.npmjs.org/commander/-/commander-6.2.1.tgz",
      "integrity": "sha512-U7VdrJFnJgo4xjrHpTzu0yrHPGImdsmD95ZlgYSEajAn2JKzDhDTPG9kBTefmObL2w/ngeZnilk+OV9CG3d7UA=="
    },
    "json2csv": {
      "version": "5.0.5",
      "resolved": "https://registry.npmjs.org/json2csv/-/json2csv-5.0.5.tgz",
      "integrity": "sha512-/UyvnfuUghRM+C/AiQ02X0LS+/AKfugcwaWo/gAz1pi203v29sUMrMSNEC088i+h0EG39eSsmeL9Z0iK+9MM0A==",
      "requires": {
        "commander": "^6.1.0",
        "jsonparse": "^1.3.1",
        "lodash.get": "^4.4.2"
      }
    },
    "jsonparse": {
      "version": "1.3.1",
      "resolved": "https://registry.npmjs.org/jsonparse/-/jsonparse-1.3.1.tgz",
      "integrity": "sha1-P02uSpH6wxX3EGL4UhzCOfE2YoA="
    },
    "linq": {
      "version": "3.2.3",
      "resolved": "https://registry.npmjs.org/linq/-/linq-3.2.3.tgz",
      "integrity": "sha512-OI48ncDVi29Hc4g5+hPd58AkI8YtLUFkZWWvvyC+w1+j8PsDi28tLZnbv3+8PvxSiJUEQDihkQjrIrPkFzEFqQ=="
    },
    "lodash.get": {
      "version": "4.4.2",
      "resolved": "https://registry.npmjs.org/lodash.get/-/lodash.get-4.4.2.tgz",
      "integrity": "sha1-LRd/ZS+jHpObRDjVNBSZ36OCXpk="
    },
    "luxon": {
      "version": "1.25.0",
      "resolved": "https://registry.npmjs.org/luxon/-/luxon-1.25.0.tgz",
      "integrity": "sha512-hEgLurSH8kQRjY6i4YLey+mcKVAWXbDNlZRmM6AgWDJ1cY3atl8Ztf5wEY7VBReFbmGnwQPz7KYJblL8B2k0jQ=="
    }
  }
}
